// !$*UTF8*$!
{
	archiveVersion = 1;
	classes = {
	};
	objectVersion = 50;
	objects = {

/* Begin PBXBuildFile section */
		08E1CFCA2430D61100BD0B2F /* AppDelegate.swift in Sources */ = {isa = PBXBuildFile; fileRef = 08E1CFC92430D61100BD0B2F /* AppDelegate.swift */; };
		08E1CFCC2430D61100BD0B2F /* SceneDelegate.swift in Sources */ = {isa = PBXBuildFile; fileRef = 08E1CFCB2430D61100BD0B2F /* SceneDelegate.swift */; };
		08E1CFCE2430D61100BD0B2F /* CurrencyConverterVC.swift in Sources */ = {isa = PBXBuildFile; fileRef = 08E1CFCD2430D61100BD0B2F /* CurrencyConverterVC.swift */; };
		08E1CFD42430D61100BD0B2F /* CurrencyConverter.xcdatamodeld in Sources */ = {isa = PBXBuildFile; fileRef = 08E1CFD22430D61100BD0B2F /* CurrencyConverter.xcdatamodeld */; };
		08E1CFD62430D61100BD0B2F /* Assets.xcassets in Resources */ = {isa = PBXBuildFile; fileRef = 08E1CFD52430D61100BD0B2F /* Assets.xcassets */; };
		08E1CFD92430D61100BD0B2F /* LaunchScreen.storyboard in Resources */ = {isa = PBXBuildFile; fileRef = 08E1CFD72430D61100BD0B2F /* LaunchScreen.storyboard */; };
		08E1CFE42430D61100BD0B2F /* CurrencyConverterTests.swift in Sources */ = {isa = PBXBuildFile; fileRef = 08E1CFE32430D61100BD0B2F /* CurrencyConverterTests.swift */; };
		08E1CFEF2430D61100BD0B2F /* CurrencyConverterUITests.swift in Sources */ = {isa = PBXBuildFile; fileRef = 08E1CFEE2430D61100BD0B2F /* CurrencyConverterUITests.swift */; };
/* End PBXBuildFile section */

/* Begin PBXContainerItemProxy section */
		08E1CFE02430D61100BD0B2F /* PBXContainerItemProxy */ = {
			isa = PBXContainerItemProxy;
			containerPortal = 08E1CFBE2430D61100BD0B2F /* Project object */;
			proxyType = 1;
			remoteGlobalIDString = 08E1CFC52430D61100BD0B2F;
			remoteInfo = CurrencyConverter;
		};
		08E1CFEB2430D61100BD0B2F /* PBXContainerItemProxy */ = {
			isa = PBXContainerItemProxy;
			containerPortal = 08E1CFBE2430D61100BD0B2F /* Project object */;
			proxyType = 1;
			remoteGlobalIDString = 08E1CFC52430D61100BD0B2F;
			remoteInfo = CurrencyConverter;
		};
/* End PBXContainerItemProxy section */

/* Begin PBXFileReference section */
		08E1CFC62430D61100BD0B2F /* CurrencyConverter.app */ = {isa = PBXFileReference; explicitFileType = wrapper.application; includeInIndex = 0; path = CurrencyConverter.app; sourceTree = BUILT_PRODUCTS_DIR; };
		08E1CFC92430D61100BD0B2F /* AppDelegate.swift */ = {isa = PBXFileReference; lastKnownFileType = sourcecode.swift; path = AppDelegate.swift; sourceTree = "<group>"; };
		08E1CFCB2430D61100BD0B2F /* SceneDelegate.swift */ = {isa = PBXFileReference; lastKnownFileType = sourcecode.swift; path = SceneDelegate.swift; sourceTree = "<group>"; };
		08E1CFCD2430D61100BD0B2F /* CurrencyConverterVC.swift */ = {isa = PBXFileReference; lastKnownFileType = sourcecode.swift; path = CurrencyConverterVC.swift; sourceTree = "<group>"; };
		08E1CFD32430D61100BD0B2F /* CurrencyConverter.xcdatamodel */ = {isa = PBXFileReference; lastKnownFileType = wrapper.xcdatamodel; path = CurrencyConverter.xcdatamodel; sourceTree = "<group>"; };
		08E1CFD52430D61100BD0B2F /* Assets.xcassets */ = {isa = PBXFileReference; lastKnownFileType = folder.assetcatalog; path = Assets.xcassets; sourceTree = "<group>"; };
		08E1CFD82430D61100BD0B2F /* Base */ = {isa = PBXFileReference; lastKnownFileType = file.storyboard; name = Base; path = Base.lproj/LaunchScreen.storyboard; sourceTree = "<group>"; };
		08E1CFDA2430D61100BD0B2F /* Info.plist */ = {isa = PBXFileReference; lastKnownFileType = text.plist.xml; path = Info.plist; sourceTree = "<group>"; };
		08E1CFDF2430D61100BD0B2F /* CurrencyConverterTests.xctest */ = {isa = PBXFileReference; explicitFileType = wrapper.cfbundle; includeInIndex = 0; path = CurrencyConverterTests.xctest; sourceTree = BUILT_PRODUCTS_DIR; };
		08E1CFE32430D61100BD0B2F /* CurrencyConverterTests.swift */ = {isa = PBXFileReference; lastKnownFileType = sourcecode.swift; path = CurrencyConverterTests.swift; sourceTree = "<group>"; };
		08E1CFE52430D61100BD0B2F /* Info.plist */ = {isa = PBXFileReference; lastKnownFileType = text.plist.xml; path = Info.plist; sourceTree = "<group>"; };
		08E1CFEA2430D61100BD0B2F /* CurrencyConverterUITests.xctest */ = {isa = PBXFileReference; explicitFileType = wrapper.cfbundle; includeInIndex = 0; path = CurrencyConverterUITests.xctest; sourceTree = BUILT_PRODUCTS_DIR; };
		08E1CFEE2430D61100BD0B2F /* CurrencyConverterUITests.swift */ = {isa = PBXFileReference; lastKnownFileType = sourcecode.swift; path = CurrencyConverterUITests.swift; sourceTree = "<group>"; };
		08E1CFF02430D61100BD0B2F /* Info.plist */ = {isa = PBXFileReference; lastKnownFileType = text.plist.xml; path = Info.plist; sourceTree = "<group>"; };
/* End PBXFileReference section */

/* Begin PBXFrameworksBuildPhase section */
		08E1CFC32430D61100BD0B2F /* Frameworks */ = {
			isa = PBXFrameworksBuildPhase;
			buildActionMask = 2147483647;
			files = (
			);
			runOnlyForDeploymentPostprocessing = 0;
		};
		08E1CFDC2430D61100BD0B2F /* Frameworks */ = {
			isa = PBXFrameworksBuildPhase;
			buildActionMask = 2147483647;
			files = (
			);
			runOnlyForDeploymentPostprocessing = 0;
		};
		08E1CFE72430D61100BD0B2F /* Frameworks */ = {
			isa = PBXFrameworksBuildPhase;
			buildActionMask = 2147483647;
			files = (
			);
			runOnlyForDeploymentPostprocessing = 0;
		};
/* End PBXFrameworksBuildPhase section */

/* Begin PBXGroup section */
		08E1CFBD2430D61100BD0B2F = {
			isa = PBXGroup;
			children = (
				08E1CFC82430D61100BD0B2F /* CurrencyConverter */,
				08E1CFE22430D61100BD0B2F /* CurrencyConverterTests */,
				08E1CFED2430D61100BD0B2F /* CurrencyConverterUITests */,
				08E1CFC72430D61100BD0B2F /* Products */,
			);
			sourceTree = "<group>";
		};
		08E1CFC72430D61100BD0B2F /* Products */ = {
			isa = PBXGroup;
			children = (
				08E1CFC62430D61100BD0B2F /* CurrencyConverter.app */,
				08E1CFDF2430D61100BD0B2F /* CurrencyConverterTests.xctest */,
				08E1CFEA2430D61100BD0B2F /* CurrencyConverterUITests.xctest */,
			);
			name = Products;
			sourceTree = "<group>";
		};
		08E1CFC82430D61100BD0B2F /* CurrencyConverter */ = {
			isa = PBXGroup;
			children = (
				08E1CFC92430D61100BD0B2F /* AppDelegate.swift */,
				08E1CFCB2430D61100BD0B2F /* SceneDelegate.swift */,
				08E1CFCD2430D61100BD0B2F /* CurrencyConverterVC.swift */,
				08E1CFD52430D61100BD0B2F /* Assets.xcassets */,
				08E1CFD72430D61100BD0B2F /* LaunchScreen.storyboard */,
				08E1CFDA2430D61100BD0B2F /* Info.plist */,
				08E1CFD22430D61100BD0B2F /* CurrencyConverter.xcdatamodeld */,
			);
			path = CurrencyConverter;
			sourceTree = "<group>";
		};
		08E1CFE22430D61100BD0B2F /* CurrencyConverterTests */ = {
			isa = PBXGroup;
			children = (
				08E1CFE32430D61100BD0B2F /* CurrencyConverterTests.swift */,
				08E1CFE52430D61100BD0B2F /* Info.plist */,
			);
			path = CurrencyConverterTests;
			sourceTree = "<group>";
		};
		08E1CFED2430D61100BD0B2F /* CurrencyConverterUITests */ = {
			isa = PBXGroup;
			children = (
				08E1CFEE2430D61100BD0B2F /* CurrencyConverterUITests.swift */,
				08E1CFF02430D61100BD0B2F /* Info.plist */,
			);
			path = CurrencyConverterUITests;
			sourceTree = "<group>";
		};
/* End PBXGroup section */

/* Begin PBXNativeTarget section */
		08E1CFC52430D61100BD0B2F /* CurrencyConverter */ = {
			isa = PBXNativeTarget;
			buildConfigurationList = 08E1CFF32430D61100BD0B2F /* Build configuration list for PBXNativeTarget "CurrencyConverter" */;
			buildPhases = (
				08E1CFC22430D61100BD0B2F /* Sources */,
				08E1CFC32430D61100BD0B2F /* Frameworks */,
				08E1CFC42430D61100BD0B2F /* Resources */,
			);
			buildRules = (
			);
			dependencies = (
			);
			name = CurrencyConverter;
			productName = CurrencyConverter;
			productReference = 08E1CFC62430D61100BD0B2F /* CurrencyConverter.app */;
			productType = "com.apple.product-type.application";
		};
		08E1CFDE2430D61100BD0B2F /* CurrencyConverterTests */ = {
			isa = PBXNativeTarget;
			buildConfigurationList = 08E1CFF62430D61100BD0B2F /* Build configuration list for PBXNativeTarget "CurrencyConverterTests" */;
			buildPhases = (
				08E1CFDB2430D61100BD0B2F /* Sources */,
				08E1CFDC2430D61100BD0B2F /* Frameworks */,
				08E1CFDD2430D61100BD0B2F /* Resources */,
			);
			buildRules = (
			);
			dependencies = (
				08E1CFE12430D61100BD0B2F /* PBXTargetDependency */,
			);
			name = CurrencyConverterTests;
			productName = CurrencyConverterTests;
			productReference = 08E1CFDF2430D61100BD0B2F /* CurrencyConverterTests.xctest */;
			productType = "com.apple.product-type.bundle.unit-test";
		};
		08E1CFE92430D61100BD0B2F /* CurrencyConverterUITests */ = {
			isa = PBXNativeTarget;
			buildConfigurationList = 08E1CFF92430D61100BD0B2F /* Build configuration list for PBXNativeTarget "CurrencyConverterUITests" */;
			buildPhases = (
				08E1CFE62430D61100BD0B2F /* Sources */,
				08E1CFE72430D61100BD0B2F /* Frameworks */,
				08E1CFE82430D61100BD0B2F /* Resources */,
			);
			buildRules = (
			);
			dependencies = (
				08E1CFEC2430D61100BD0B2F /* PBXTargetDependency */,
			);
			name = CurrencyConverterUITests;
			productName = CurrencyConverterUITests;
			productReference = 08E1CFEA2430D61100BD0B2F /* CurrencyConverterUITests.xctest */;
			productType = "com.apple.product-type.bundle.ui-testing";
		};
/* End PBXNativeTarget section */

/* Begin PBXProject section */
		08E1CFBE2430D61100BD0B2F /* Project object */ = {
			isa = PBXProject;
			attributes = {
				LastSwiftUpdateCheck = 1130;
				LastUpgradeCheck = 1130;
				ORGANIZATIONNAME = MithranN;
				TargetAttributes = {
					08E1CFC52430D61100BD0B2F = {
						CreatedOnToolsVersion = 11.3;
					};
					08E1CFDE2430D61100BD0B2F = {
						CreatedOnToolsVersion = 11.3;
						TestTargetID = 08E1CFC52430D61100BD0B2F;
					};
					08E1CFE92430D61100BD0B2F = {
						CreatedOnToolsVersion = 11.3;
						TestTargetID = 08E1CFC52430D61100BD0B2F;
					};
				};
			};
			buildConfigurationList = 08E1CFC12430D61100BD0B2F /* Build configuration list for PBXProject "CurrencyConverter" */;
			compatibilityVersion = "Xcode 9.3";
			developmentRegion = en;
			hasScannedForEncodings = 0;
			knownRegions = (
				en,
				Base,
			);
			mainGroup = 08E1CFBD2430D61100BD0B2F;
			productRefGroup = 08E1CFC72430D61100BD0B2F /* Products */;
			projectDirPath = "";
			projectRoot = "";
			targets = (
				08E1CFC52430D61100BD0B2F /* CurrencyConverter */,
				08E1CFDE2430D61100BD0B2F /* CurrencyConverterTests */,
				08E1CFE92430D61100BD0B2F /* CurrencyConverterUITests */,
			);
		};
/* End PBXProject section */

/* Begin PBXResourcesBuildPhase section */
		08E1CFC42430D61100BD0B2F /* Resources */ = {
			isa = PBXResourcesBuildPhase;
			buildActionMask = 2147483647;
			files = (
				08E1CFD92430D61100BD0B2F /* LaunchScreen.storyboard in Resources */,
				08E1CFD62430D61100BD0B2F /* Assets.xcassets in Resources */,
			);
			runOnlyForDeploymentPostprocessing = 0;
		};
		08E1CFDD2430D61100BD0B2F /* Resources */ = {
			isa = PBXResourcesBuildPhase;
			buildActionMask = 2147483647;
			files = (
			);
			runOnlyForDeploymentPostprocessing = 0;
		};
		08E1CFE82430D61100BD0B2F /* Resources */ = {
			isa = PBXResourcesBuildPhase;
			buildActionMask = 2147483647;
			files = (
			);
			runOnlyForDeploymentPostprocessing = 0;
		};
/* End PBXResourcesBuildPhase section */

/* Begin PBXSourcesBuildPhase section */
		08E1CFC22430D61100BD0B2F /* Sources */ = {
			isa = PBXSourcesBuildPhase;
			buildActionMask = 2147483647;
			files = (
				08E1CFCE2430D61100BD0B2F /* CurrencyConverterVC.swift in Sources */,
				08E1CFD42430D61100BD0B2F /* CurrencyConverter.xcdatamodeld in Sources */,
				08E1CFCA2430D61100BD0B2F /* AppDelegate.swift in Sources */,
				08E1CFCC2430D61100BD0B2F /* SceneDelegate.swift in Sources */,
			);
			runOnlyForDeploymentPostprocessing = 0;
		};
		08E1CFDB2430D61100BD0B2F /* Sources */ = {
			isa = PBXSourcesBuildPhase;
			buildActionMask = 2147483647;
			files = (
				08E1CFE42430D61100BD0B2F /* CurrencyConverterTests.swift in Sources */,
			);
			runOnlyForDeploymentPostprocessing = 0;
		};
		08E1CFE62430D61100BD0B2F /* Sources */ = {
			isa = PBXSourcesBuildPhase;
			buildActionMask = 2147483647;
			files = (
				08E1CFEF2430D61100BD0B2F /* CurrencyConverterUITests.swift in Sources */,
			);
			runOnlyForDeploymentPostprocessing = 0;
		};
/* End PBXSourcesBuildPhase section */

/* Begin PBXTargetDependency section */
		08E1CFE12430D61100BD0B2F /* PBXTargetDependency */ = {
			isa = PBXTargetDependency;
			target = 08E1CFC52430D61100BD0B2F /* CurrencyConverter */;
			targetProxy = 08E1CFE02430D61100BD0B2F /* PBXContainerItemProxy */;
		};
		08E1CFEC2430D61100BD0B2F /* PBXTargetDependency */ = {
			isa = PBXTargetDependency;
			target = 08E1CFC52430D61100BD0B2F /* CurrencyConverter */;
			targetProxy = 08E1CFEB2430D61100BD0B2F /* PBXContainerItemProxy */;
		};
/* End PBXTargetDependency section */

/* Begin PBXVariantGroup section */
		08E1CFD72430D61100BD0B2F /* LaunchScreen.storyboard */ = {
			isa = PBXVariantGroup;
			children = (
				08E1CFD82430D61100BD0B2F /* Base */,
			);
			name = LaunchScreen.storyboard;
			sourceTree = "<group>";
		};
/* End PBXVariantGroup section */

/* Begin XCBuildConfiguration section */
		08E1CFF12430D61100BD0B2F /* Debug */ = {
			isa = XCBuildConfiguration;
			buildSettings = {
				ALWAYS_SEARCH_USER_PATHS = NO;
				CLANG_ANALYZER_NONNULL = YES;
				CLANG_ANALYZER_NUMBER_OBJECT_CONVERSION = YES_AGGRESSIVE;
				CLANG_CXX_LANGUAGE_STANDARD = "gnu++14";
				CLANG_CXX_LIBRARY = "libc++";
				CLANG_ENABLE_MODULES = YES;
				CLANG_ENABLE_OBJC_ARC = YES;
				CLANG_ENABLE_OBJC_WEAK = YES;
				CLANG_WARN_BLOCK_CAPTURE_AUTORELEASING = YES;
				CLANG_WARN_BOOL_CONVERSION = YES;
				CLANG_WARN_COMMA = YES;
				CLANG_WARN_CONSTANT_CONVERSION = YES;
				CLANG_WARN_DEPRECATED_OBJC_IMPLEMENTATIONS = YES;
				CLANG_WARN_DIRECT_OBJC_ISA_USAGE = YES_ERROR;
				CLANG_WARN_DOCUMENTATION_COMMENTS = YES;
				CLANG_WARN_EMPTY_BODY = YES;
				CLANG_WARN_ENUM_CONVERSION = YES;
				CLANG_WARN_INFINITE_RECURSION = YES;
				CLANG_WARN_INT_CONVERSION = YES;
				CLANG_WARN_NON_LITERAL_NULL_CONVERSION = YES;
				CLANG_WARN_OBJC_IMPLICIT_RETAIN_SELF = YES;
				CLANG_WARN_OBJC_LITERAL_CONVERSION = YES;
				CLANG_WARN_OBJC_ROOT_CLASS = YES_ERROR;
				CLANG_WARN_RANGE_LOOP_ANALYSIS = YES;
				CLANG_WARN_STRICT_PROTOTYPES = YES;
				CLANG_WARN_SUSPICIOUS_MOVE = YES;
				CLANG_WARN_UNGUARDED_AVAILABILITY = YES_AGGRESSIVE;
				CLANG_WARN_UNREACHABLE_CODE = YES;
				CLANG_WARN__DUPLICATE_METHOD_MATCH = YES;
				COPY_PHASE_STRIP = NO;
				DEBUG_INFORMATION_FORMAT = dwarf;
				ENABLE_STRICT_OBJC_MSGSEND = YES;
				ENABLE_TESTABILITY = YES;
				GCC_C_LANGUAGE_STANDARD = gnu11;
				GCC_DYNAMIC_NO_PIC = NO;
				GCC_NO_COMMON_BLOCKS = YES;
				GCC_OPTIMIZATION_LEVEL = 0;
				GCC_PREPROCESSOR_DEFINITIONS = (
					"DEBUG=1",
					"$(inherited)",
				);
				GCC_WARN_64_TO_32_BIT_CONVERSION = YES;
				GCC_WARN_ABOUT_RETURN_TYPE = YES_ERROR;
				GCC_WARN_UNDECLARED_SELECTOR = YES;
				GCC_WARN_UNINITIALIZED_AUTOS = YES_AGGRESSIVE;
				GCC_WARN_UNUSED_FUNCTION = YES;
				GCC_WARN_UNUSED_VARIABLE = YES;
				IPHONEOS_DEPLOYMENT_TARGET = 13.2;
				MTL_ENABLE_DEBUG_INFO = INCLUDE_SOURCE;
				MTL_FAST_MATH = YES;
				ONLY_ACTIVE_ARCH = YES;
				SDKROOT = iphoneos;
				SWIFT_ACTIVE_COMPILATION_CONDITIONS = DEBUG;
				SWIFT_OPTIMIZATION_LEVEL = "-Onone";
			};
			name = Debug;
		};
		08E1CFF22430D61100BD0B2F /* Release */ = {
			isa = XCBuildConfiguration;
			buildSettings = {
				ALWAYS_SEARCH_USER_PATHS = NO;
				CLANG_ANALYZER_NONNULL = YES;
				CLANG_ANALYZER_NUMBER_OBJECT_CONVERSION = YES_AGGRESSIVE;
				CLANG_CXX_LANGUAGE_STANDARD = "gnu++14";
				CLANG_CXX_LIBRARY = "libc++";
				CLANG_ENABLE_MODULES = YES;
				CLANG_ENABLE_OBJC_ARC = YES;
				CLANG_ENABLE_OBJC_WEAK = YES;
				CLANG_WARN_BLOCK_CAPTURE_AUTORELEASING = YES;
				CLANG_WARN_BOOL_CONVERSION = YES;
				CLANG_WARN_COMMA = YES;
				CLANG_WARN_CONSTANT_CONVERSION = YES;
				CLANG_WARN_DEPRECATED_OBJC_IMPLEMENTATIONS = YES;
				CLANG_WARN_DIRECT_OBJC_ISA_USAGE = YES_ERROR;
				CLANG_WARN_DOCUMENTATION_COMMENTS = YES;
				CLANG_WARN_EMPTY_BODY = YES;
				CLANG_WARN_ENUM_CONVERSION = YES;
				CLANG_WARN_INFINITE_RECURSION = YES;
				CLANG_WARN_INT_CONVERSION = YES;
				CLANG_WARN_NON_LITERAL_NULL_CONVERSION = YES;
				CLANG_WARN_OBJC_IMPLICIT_RETAIN_SELF = YES;
				CLANG_WARN_OBJC_LITERAL_CONVERSION = YES;
				CLANG_WARN_OBJC_ROOT_CLASS = YES_ERROR;
				CLANG_WARN_RANGE_LOOP_ANALYSIS = YES;
				CLANG_WARN_STRICT_PROTOTYPES = YES;
				CLANG_WARN_SUSPICIOUS_MOVE = YES;
				CLANG_WARN_UNGUARDED_AVAILABILITY = YES_AGGRESSIVE;
				CLANG_WARN_UNREACHABLE_CODE = YES;
				CLANG_WARN__DUPLICATE_METHOD_MATCH = YES;
				COPY_PHASE_STRIP = NO;
				DEBUG_INFORMATION_FORMAT = "dwarf-with-dsym";
				ENABLE_NS_ASSERTIONS = NO;
				ENABLE_STRICT_OBJC_MSGSEND = YES;
				GCC_C_LANGUAGE_STANDARD = gnu11;
				GCC_NO_COMMON_BLOCKS = YES;
				GCC_WARN_64_TO_32_BIT_CONVERSION = YES;
				GCC_WARN_ABOUT_RETURN_TYPE = YES_ERROR;
				GCC_WARN_UNDECLARED_SELECTOR = YES;
				GCC_WARN_UNINITIALIZED_AUTOS = YES_AGGRESSIVE;
				GCC_WARN_UNUSED_FUNCTION = YES;
				GCC_WARN_UNUSED_VARIABLE = YES;
				IPHONEOS_DEPLOYMENT_TARGET = 13.2;
				MTL_ENABLE_DEBUG_INFO = NO;
				MTL_FAST_MATH = YES;
				SDKROOT = iphoneos;
				SWIFT_COMPILATION_MODE = wholemodule;
				SWIFT_OPTIMIZATION_LEVEL = "-O";
				VALIDATE_PRODUCT = YES;
			};
			name = Release;
		};
		08E1CFF42430D61100BD0B2F /* Debug */ = {
			isa = XCBuildConfiguration;
			buildSettings = {
				ASSETCATALOG_COMPILER_APPICON_NAME = AppIcon;
				CODE_SIGN_STYLE = Automatic;
				DEVELOPMENT_TEAM = 6QXGL8V8F2;
				INFOPLIST_FILE = CurrencyConverter/Info.plist;
				LD_RUNPATH_SEARCH_PATHS = (
					"$(inherited)",
					"@executable_path/Frameworks",
				);
				PRODUCT_BUNDLE_IDENTIFIER = com.mithran.CurrencyConverter;
				PRODUCT_NAME = "$(TARGET_NAME)";
				SWIFT_VERSION = 5.0;
				TARGETED_DEVICE_FAMILY = "1,2";
			};
			name = Debug;
		};
		08E1CFF52430D61100BD0B2F /* Release */ = {
			isa = XCBuildConfiguration;
			buildSettings = {
				ASSETCATALOG_COMPILER_APPICON_NAME = AppIcon;
				CODE_SIGN_STYLE = Automatic;
				DEVELOPMENT_TEAM = 6QXGL8V8F2;
				INFOPLIST_FILE = CurrencyConverter/Info.plist;
				LD_RUNPATH_SEARCH_PATHS = (
					"$(inherited)",
					"@executable_path/Frameworks",
				);
				PRODUCT_BUNDLE_IDENTIFIER = com.mithran.CurrencyConverter;
				PRODUCT_NAME = "$(TARGET_NAME)";
				SWIFT_VERSION = 5.0;
				TARGETED_DEVICE_FAMILY = "1,2";
			};
			name = Release;
		};
		08E1CFF72430D61100BD0B2F /* Debug */ = {
			isa = XCBuildConfiguration;
			buildSettings = {
				ALWAYS_EMBED_SWIFT_STANDARD_LIBRARIES = YES;
				BUNDLE_LOADER = "$(TEST_HOST)";
				CODE_SIGN_STYLE = Automatic;
				DEVELOPMENT_TEAM = 6QXGL8V8F2;
				INFOPLIST_FILE = CurrencyConverterTests/Info.plist;
				IPHONEOS_DEPLOYMENT_TARGET = 13.2;
				LD_RUNPATH_SEARCH_PATHS = (
					"$(inherited)",
					"@executable_path/Frameworks",
					"@loader_path/Frameworks",
				);
				PRODUCT_BUNDLE_IDENTIFIER = com.mithran.CurrencyConverterTests;
				PRODUCT_NAME = "$(TARGET_NAME)";
				SWIFT_VERSION = 5.0;
				TARGETED_DEVICE_FAMILY = "1,2";
				TEST_HOST = "$(BUILT_PRODUCTS_DIR)/CurrencyConverter.app/CurrencyConverter";
			};
			name = Debug;
		};
		08E1CFF82430D61100BD0B2F /* Release */ = {
			isa = XCBuildConfiguration;
			buildSettings = {
				ALWAYS_EMBED_SWIFT_STANDARD_LIBRARIES = YES;
				BUNDLE_LOADER = "$(TEST_HOST)";
				CODE_SIGN_STYLE = Automatic;
				DEVELOPMENT_TEAM = 6QXGL8V8F2;
				INFOPLIST_FILE = CurrencyConverterTests/Info.plist;
				IPHONEOS_DEPLOYMENT_TARGET = 13.2;
				LD_RUNPATH_SEARCH_PATHS = (
					"$(inherited)",
					"@executable_path/Frameworks",
					"@loader_path/Frameworks",
				);
				PRODUCT_BUNDLE_IDENTIFIER = com.mithran.CurrencyConverterTests;
				PRODUCT_NAME = "$(TARGET_NAME)";
				SWIFT_VERSION = 5.0;
				TARGETED_DEVICE_FAMILY = "1,2";
				TEST_HOST = "$(BUILT_PRODUCTS_DIR)/CurrencyConverter.app/CurrencyConverter";
			};
			name = Release;
		};
		08E1CFFA2430D61100BD0B2F /* Debug */ = {
			isa = XCBuildConfiguration;
			buildSettings = {
				ALWAYS_EMBED_SWIFT_STANDARD_LIBRARIES = YES;
				CODE_SIGN_STYLE = Automatic;
				DEVELOPMENT_TEAM = 6QXGL8V8F2;
				INFOPLIST_FILE = CurrencyConverterUITests/Info.plist;
				LD_RUNPATH_SEARCH_PATHS = (
					"$(inherited)",
					"@executable_path/Frameworks",
					"@loader_path/Frameworks",
				);
				PRODUCT_BUNDLE_IDENTIFIER = com.mithran.CurrencyConverterUITests;
				PRODUCT_NAME = "$(TARGET_NAME)";
				SWIFT_VERSION = 5.0;
				TARGETED_DEVICE_FAMILY = "1,2";
				TEST_TARGET_NAME = CurrencyConverter;
			};
			name = Debug;
		};
		08E1CFFB2430D61100BD0B2F /* Release */ = {
			isa = XCBuildConfiguration;
			buildSettings = {
				ALWAYS_EMBED_SWIFT_STANDARD_LIBRARIES = YES;
				CODE_SIGN_STYLE = Automatic;
				DEVELOPMENT_TEAM = 6QXGL8V8F2;
				INFOPLIST_FILE = CurrencyConverterUITests/Info.plist;
				LD_RUNPATH_SEARCH_PATHS = (
					"$(inherited)",
					"@executable_path/Frameworks",
					"@loader_path/Frameworks",
				);
				PRODUCT_BUNDLE_IDENTIFIER = com.mithran.CurrencyConverterUITests;
				PRODUCT_NAME = "$(TARGET_NAME)";
				SWIFT_VERSION = 5.0;
				TARGETED_DEVICE_FAMILY = "1,2";
				TEST_TARGET_NAME = CurrencyConverter;
			};
			name = Release;
		};
/* End XCBuildConfiguration section */

/* Begin XCConfigurationList section */
		08E1CFC12430D61100BD0B2F /* Build configuration list for PBXProject "CurrencyConverter" */ = {
			isa = XCConfigurationList;
			buildConfigurations = (
				08E1CFF12430D61100BD0B2F /* Debug */,
				08E1CFF22430D61100BD0B2F /* Release */,
			);
			defaultConfigurationIsVisible = 0;
			defaultConfigurationName = Release;
		};
		08E1CFF32430D61100BD0B2F /* Build configuration list for PBXNativeTarget "CurrencyConverter" */ = {
			isa = XCConfigurationList;
			buildConfigurations = (
				08E1CFF42430D61100BD0B2F /* Debug */,
				08E1CFF52430D61100BD0B2F /* Release */,
			);
			defaultConfigurationIsVisible = 0;
			defaultConfigurationName = Release;
		};
		08E1CFF62430D61100BD0B2F /* Build configuration list for PBXNativeTarget "CurrencyConverterTests" */ = {
			isa = XCConfigurationList;
			buildConfigurations = (
				08E1CFF72430D61100BD0B2F /* Debug */,
				08E1CFF82430D61100BD0B2F /* Release */,
			);
			defaultConfigurationIsVisible = 0;
			defaultConfigurationName = Release;
		};
		08E1CFF92430D61100BD0B2F /* Build configuration list for PBXNativeTarget "CurrencyConverterUITests" */ = {
			isa = XCConfigurationList;
			buildConfigurations = (
				08E1CFFA2430D61100BD0B2F /* Debug */,
				08E1CFFB2430D61100BD0B2F /* Release */,
			);
			defaultConfigurationIsVisible = 0;
			defaultConfigurationName = Release;
		};
/* End XCConfigurationList section */

/* Begin XCVersionGroup section */
		08E1CFD22430D61100BD0B2F /* CurrencyConverter.xcdatamodeld */ = {
			isa = XCVersionGroup;
			children = (
				08E1CFD32430D61100BD0B2F /* CurrencyConverter.xcdatamodel */,
			);
			currentVersion = 08E1CFD32430D61100BD0B2F /* CurrencyConverter.xcdatamodel */;
			path = CurrencyConverter.xcdatamodeld;
			sourceTree = "<group>";
			versionGroupType = wrapper.xcdatamodel;
		};
/* End XCVersionGroup section */
	};
	rootObject = 08E1CFBE2430D61100BD0B2F /* Project object */;
}
